
Microsoft Visual Studio Solution File, Format Version 12.00
# Visual Studio Version 17
VisualStudioVersion = 17.9.34728.123
MinimumVisualStudioVersion = 10.0.40219.1
Project("{9A19103F-16F7-4668-BE54-9A1E7A4F7556}") = "Lec1WebApplicationDev", "WebApplicationDev\Lec1WebApplicationDev.csproj", "{5CCEB866-A07B-4FFD-A668-035EAD6230B2}"
EndProject
Project("{9A19103F-16F7-4668-BE54-9A1E7A4F7556}") = "Lec1ApiApplication", "ApiApplication\Lec1ApiApplication.csproj", "{89146894-B24B-4503-9AD6-D1431C34A266}"
EndProject
Project("{9A19103F-16F7-4668-BE54-9A1E7A4F7556}") = "WebApplicationDevSem", "WebApplicationDevSem\WebApplicationDevSem.csproj", "{6D240EE0-B0C7-43B8-828F-2729D39AAA16}"
EndProject
Project("{9A19103F-16F7-4668-BE54-9A1E7A4F7556}") = "Lec2ASPExampleDB", "ASPExampleDBLec2\Lec2ASPExampleDB.csproj", "{79C36584-781F-4396-8DE3-80A96A274FCF}"
EndProject
Project("{9A19103F-16F7-4668-BE54-9A1E7A4F7556}") = "Lec2ASPDep", "ASPDepLec2\Lec2ASPDep.csproj", "{ADB67024-ED8B-4436-8F20-ABF1C5C9EFE5}"
EndProject
Project("{9A19103F-16F7-4668-BE54-9A1E7A4F7556}") = "Lec3UserApi", "Lec3UserApi\Lec3UserApi.csproj", "{DFE72929-D7CB-4E4B-9142-9421511190EF}"
EndProject
Project("{9A19103F-16F7-4668-BE54-9A1E7A4F7556}") = "Lec3LibraryApi", "Lec3LibraryApi\Lec3LibraryApi.csproj", "{B2BE4CED-BB41-484F-883A-A60786205B71}"
EndProject
Project("{9A19103F-16F7-4668-BE54-9A1E7A4F7556}") = "Lec3ApiClientsBook", "Lec3ApiClientsBook\Lec3ApiClientsBook.csproj", "{04A9747A-EA34-4661-B1D5-85E5C61ECA6F}"
EndProject
Project("{2150E333-8FDC-42A3-9474-1A3956D46DE8}") = "Элементы решения", "Элементы решения", "{1EF742A0-3D75-4CFF-9CCF-D58DE55692AD}"
	ProjectSection(SolutionItems) = preProject
		Readme.txt = Readme.txt
	EndProjectSection
EndProject
Project("{9A19103F-16F7-4668-BE54-9A1E7A4F7556}") = "Lec3ApiGW", "Lec3ApiGW\Lec3ApiGW.csproj", "{74DA87FC-2D4D-4C6E-A5B6-984C28D36204}"
EndProject
Project("{9A19103F-16F7-4668-BE54-9A1E7A4F7556}") = "Lec3GraphQL", "GraphQI\Lec3GraphQL.csproj", "{31C998D3-EF9E-42C8-813B-9B8EBBBD3971}"
EndProject
Project("{9A19103F-16F7-4668-BE54-9A1E7A4F7556}") = "Sem3GraphQL", "Sem3GraphQL\Sem3GraphQL.csproj", "{66B0E975-72FC-4AC4-9C16-2C496FDE1EAA}"
EndProject
Project("{9A19103F-16F7-4668-BE54-9A1E7A4F7556}") = "Lec4JWTAuth", "Lec4JWTAuth\Lec4JWTAuth.csproj", "{902DC944-B2FA-4C74-9BED-5C290FA8A106}"
EndProject
Project("{FAE04EC0-301F-11D3-BF4B-00C04F79EFBC}") = "Sem4SecurityMarket", "Sem4SecurityMarket\Sem4SecurityMarket.csproj", "{60A3D60A-440D-411F-A3CC-4F29EB154B17}"
EndProject
Project("{FAE04EC0-301F-11D3-BF4B-00C04F79EFBC}") = "Sem4DTO", "Sem4DTO\Sem4DTO.csproj", "{AB3DE4E2-366C-4901-B664-3113E1F4EA43}"
EndProject
Global
	GlobalSection(SolutionConfigurationPlatforms) = preSolution
		Debug|Any CPU = Debug|Any CPU
		Release|Any CPU = Release|Any CPU
	EndGlobalSection
	GlobalSection(ProjectConfigurationPlatforms) = postSolution
		{5CCEB866-A07B-4FFD-A668-035EAD6230B2}.Debug|Any CPU.ActiveCfg = Debug|Any CPU
		{5CCEB866-A07B-4FFD-A668-035EAD6230B2}.Debug|Any CPU.Build.0 = Debug|Any CPU
		{5CCEB866-A07B-4FFD-A668-035EAD6230B2}.Release|Any CPU.ActiveCfg = Release|Any CPU
		{5CCEB866-A07B-4FFD-A668-035EAD6230B2}.Release|Any CPU.Build.0 = Release|Any CPU
		{89146894-B24B-4503-9AD6-D1431C34A266}.Debug|Any CPU.ActiveCfg = Debug|Any CPU
		{89146894-B24B-4503-9AD6-D1431C34A266}.Debug|Any CPU.Build.0 = Debug|Any CPU
		{89146894-B24B-4503-9AD6-D1431C34A266}.Release|Any CPU.ActiveCfg = Release|Any CPU
		{89146894-B24B-4503-9AD6-D1431C34A266}.Release|Any CPU.Build.0 = Release|Any CPU
		{6D240EE0-B0C7-43B8-828F-2729D39AAA16}.Debug|Any CPU.ActiveCfg = Debug|Any CPU
		{6D240EE0-B0C7-43B8-828F-2729D39AAA16}.Debug|Any CPU.Build.0 = Debug|Any CPU
		{6D240EE0-B0C7-43B8-828F-2729D39AAA16}.Release|Any CPU.ActiveCfg = Release|Any CPU
		{6D240EE0-B0C7-43B8-828F-2729D39AAA16}.Release|Any CPU.Build.0 = Release|Any CPU
		{79C36584-781F-4396-8DE3-80A96A274FCF}.Debug|Any CPU.ActiveCfg = Debug|Any CPU
		{79C36584-781F-4396-8DE3-80A96A274FCF}.Debug|Any CPU.Build.0 = Debug|Any CPU
		{79C36584-781F-4396-8DE3-80A96A274FCF}.Release|Any CPU.ActiveCfg = Release|Any CPU
		{79C36584-781F-4396-8DE3-80A96A274FCF}.Release|Any CPU.Build.0 = Release|Any CPU
		{ADB67024-ED8B-4436-8F20-ABF1C5C9EFE5}.Debug|Any CPU.ActiveCfg = Debug|Any CPU
		{ADB67024-ED8B-4436-8F20-ABF1C5C9EFE5}.Debug|Any CPU.Build.0 = Debug|Any CPU
		{ADB67024-ED8B-4436-8F20-ABF1C5C9EFE5}.Release|Any CPU.ActiveCfg = Release|Any CPU
		{ADB67024-ED8B-4436-8F20-ABF1C5C9EFE5}.Release|Any CPU.Build.0 = Release|Any CPU
		{DFE72929-D7CB-4E4B-9142-9421511190EF}.Debug|Any CPU.ActiveCfg = Debug|Any CPU
		{DFE72929-D7CB-4E4B-9142-9421511190EF}.Debug|Any CPU.Build.0 = Debug|Any CPU
		{DFE72929-D7CB-4E4B-9142-9421511190EF}.Release|Any CPU.ActiveCfg = Release|Any CPU
		{DFE72929-D7CB-4E4B-9142-9421511190EF}.Release|Any CPU.Build.0 = Release|Any CPU
		{B2BE4CED-BB41-484F-883A-A60786205B71}.Debug|Any CPU.ActiveCfg = Debug|Any CPU
		{B2BE4CED-BB41-484F-883A-A60786205B71}.Debug|Any CPU.Build.0 = Debug|Any CPU
		{B2BE4CED-BB41-484F-883A-A60786205B71}.Release|Any CPU.ActiveCfg = Release|Any CPU
		{B2BE4CED-BB41-484F-883A-A60786205B71}.Release|Any CPU.Build.0 = Release|Any CPU
		{04A9747A-EA34-4661-B1D5-85E5C61ECA6F}.Debug|Any CPU.ActiveCfg = Debug|Any CPU
		{04A9747A-EA34-4661-B1D5-85E5C61ECA6F}.Debug|Any CPU.Build.0 = Debug|Any CPU
		{04A9747A-EA34-4661-B1D5-85E5C61ECA6F}.Release|Any CPU.ActiveCfg = Release|Any CPU
		{04A9747A-EA34-4661-B1D5-85E5C61ECA6F}.Release|Any CPU.Build.0 = Release|Any CPU
		{74DA87FC-2D4D-4C6E-A5B6-984C28D36204}.Debug|Any CPU.ActiveCfg = Debug|Any CPU
		{74DA87FC-2D4D-4C6E-A5B6-984C28D36204}.Debug|Any CPU.Build.0 = Debug|Any CPU
		{74DA87FC-2D4D-4C6E-A5B6-984C28D36204}.Release|Any CPU.ActiveCfg = Release|Any CPU
		{74DA87FC-2D4D-4C6E-A5B6-984C28D36204}.Release|Any CPU.Build.0 = Release|Any CPU
		{31C998D3-EF9E-42C8-813B-9B8EBBBD3971}.Debug|Any CPU.ActiveCfg = Debug|Any CPU
		{31C998D3-EF9E-42C8-813B-9B8EBBBD3971}.Debug|Any CPU.Build.0 = Debug|Any CPU
		{31C998D3-EF9E-42C8-813B-9B8EBBBD3971}.Release|Any CPU.ActiveCfg = Release|Any CPU
		{31C998D3-EF9E-42C8-813B-9B8EBBBD3971}.Release|Any CPU.Build.0 = Release|Any CPU
		{66B0E975-72FC-4AC4-9C16-2C496FDE1EAA}.Debug|Any CPU.ActiveCfg = Debug|Any CPU
		{66B0E975-72FC-4AC4-9C16-2C496FDE1EAA}.Debug|Any CPU.Build.0 = Debug|Any CPU
		{66B0E975-72FC-4AC4-9C16-2C496FDE1EAA}.Release|Any CPU.ActiveCfg = Release|Any CPU
		{66B0E975-72FC-4AC4-9C16-2C496FDE1EAA}.Release|Any CPU.Build.0 = Release|Any CPU
		{902DC944-B2FA-4C74-9BED-5C290FA8A106}.Debug|Any CPU.ActiveCfg = Debug|Any CPU
		{902DC944-B2FA-4C74-9BED-5C290FA8A106}.Debug|Any CPU.Build.0 = Debug|Any CPU
		{902DC944-B2FA-4C74-9BED-5C290FA8A106}.Release|Any CPU.ActiveCfg = Release|Any CPU
		{902DC944-B2FA-4C74-9BED-5C290FA8A106}.Release|Any CPU.Build.0 = Release|Any CPU
		{60A3D60A-440D-411F-A3CC-4F29EB154B17}.Debug|Any CPU.ActiveCfg = Debug|Any CPU
		{60A3D60A-440D-411F-A3CC-4F29EB154B17}.Debug|Any CPU.Build.0 = Debug|Any CPU
		{60A3D60A-440D-411F-A3CC-4F29EB154B17}.Release|Any CPU.ActiveCfg = Release|Any CPU
		{60A3D60A-440D-411F-A3CC-4F29EB154B17}.Release|Any CPU.Build.0 = Release|Any CPU
		{AB3DE4E2-366C-4901-B664-3113E1F4EA43}.Debug|Any CPU.ActiveCfg = Debug|Any CPU
		{AB3DE4E2-366C-4901-B664-3113E1F4EA43}.Debug|Any CPU.Build.0 = Debug|Any CPU
		{AB3DE4E2-366C-4901-B664-3113E1F4EA43}.Release|Any CPU.ActiveCfg = Release|Any CPU
		{AB3DE4E2-366C-4901-B664-3113E1F4EA43}.Release|Any CPU.Build.0 = Release|Any CPU
	EndGlobalSection
	GlobalSection(SolutionProperties) = preSolution
		HideSolutionNode = FALSE
	EndGlobalSection
	GlobalSection(ExtensibilityGlobals) = postSolution
		SolutionGuid = {42243209-DF17-455A-A301-5A13BDDDD346}
	EndGlobalSection
EndGlobal
